
Microsoft Visual Studio Solution File, Format Version 12.00
# Visual Studio Version 16
VisualStudioVersion = 16.0.32929.386
MinimumVisualStudioVersion = 10.0.40219.1
Project("{FAE04EC0-301F-11D3-BF4B-00C04F79EFBC}") = "Componentes", "Componentes\Componentes.csproj", "{C1CDCD02-A0B9-48BC-A4AD-B9374C1BA818}"
EndProject
Global
	GlobalSection(SolutionConfigurationPlatforms) = preSolution
		Debug|Any CPU = Debug|Any CPU
		Release|Any CPU = Release|Any CPU
	EndGlobalSection
	GlobalSection(ProjectConfigurationPlatforms) = postSolution
		{C1CDCD02-A0B9-48BC-A4AD-B9374C1BA818}.Debug|Any CPU.ActiveCfg = Debug|Any CPU
		{C1CDCD02-A0B9-48BC-A4AD-B9374C1BA818}.Debug|Any CPU.Build.0 = Debug|Any CPU
		{C1CDCD02-A0B9-48BC-A4AD-B9374C1BA818}.Release|Any CPU.ActiveCfg = Release|Any CPU
		{C1CDCD02-A0B9-48BC-A4AD-B9374C1BA818}.Release|Any CPU.Build.0 = Release|Any CPU
	EndGlobalSection
	GlobalSection(SolutionProperties) = preSolution
		HideSolutionNode = FALSE
	EndGlobalSection
	GlobalSection(ExtensibilityGlobals) = postSolution
		SolutionGuid = {D217E22D-F5E3-4634-AC74-6D6AB47A0EEA}
	EndGlobalSection
EndGlobal
